
Microsoft Visual Studio Solution File, Format Version 12.00
# Visual Studio 2013
VisualStudioVersion = 12.0.31101.0
MinimumVisualStudioVersion = 10.0.40219.1
Project("{FAE04EC0-301F-11D3-BF4B-00C04F79EFBC}") = "BMIConsole", "BMIConsole\BMIConsole.csproj", "{AC41B26E-0D41-415F-8F8B-3955562173B0}"
EndProject
Project("{FAE04EC0-301F-11D3-BF4B-00C04F79EFBC}") = "BMIService", "BMIService\BMIService.csproj", "{68BE53C8-FCA9-4C71-9E23-288DA37427E2}"
EndProject
Project("{FAE04EC0-301F-11D3-BF4B-00C04F79EFBC}") = "BMIAPI", "BMIAPI\BMIAPI.csproj", "{38DE18C1-61AF-4224-B1F1-686B321906E8}"
EndProject
Global
	GlobalSection(SolutionConfigurationPlatforms) = preSolution
		Debug|Any CPU = Debug|Any CPU
		Release|Any CPU = Release|Any CPU
	EndGlobalSection
	GlobalSection(ProjectConfigurationPlatforms) = postSolution
		{AC41B26E-0D41-415F-8F8B-3955562173B0}.Debug|Any CPU.ActiveCfg = Debug|Any CPU
		{AC41B26E-0D41-415F-8F8B-3955562173B0}.Debug|Any CPU.Build.0 = Debug|Any CPU
		{AC41B26E-0D41-415F-8F8B-3955562173B0}.Release|Any CPU.ActiveCfg = Release|Any CPU
		{AC41B26E-0D41-415F-8F8B-3955562173B0}.Release|Any CPU.Build.0 = Release|Any CPU
		{68BE53C8-FCA9-4C71-9E23-288DA37427E2}.Debug|Any CPU.ActiveCfg = Debug|Any CPU
		{68BE53C8-FCA9-4C71-9E23-288DA37427E2}.Debug|Any CPU.Build.0 = Debug|Any CPU
		{68BE53C8-FCA9-4C71-9E23-288DA37427E2}.Release|Any CPU.ActiveCfg = Release|Any CPU
		{68BE53C8-FCA9-4C71-9E23-288DA37427E2}.Release|Any CPU.Build.0 = Release|Any CPU
		{38DE18C1-61AF-4224-B1F1-686B321906E8}.Debug|Any CPU.ActiveCfg = Debug|Any CPU
		{38DE18C1-61AF-4224-B1F1-686B321906E8}.Debug|Any CPU.Build.0 = Debug|Any CPU
		{38DE18C1-61AF-4224-B1F1-686B321906E8}.Release|Any CPU.ActiveCfg = Release|Any CPU
		{38DE18C1-61AF-4224-B1F1-686B321906E8}.Release|Any CPU.Build.0 = Release|Any CPU
	EndGlobalSection
	GlobalSection(SolutionProperties) = preSolution
		HideSolutionNode = FALSE
	EndGlobalSection
EndGlobal
